// !$*UTF8*$!
{
	archiveVersion = 1;
	classes = {
	};
	objectVersion = 70;
	objects = {

/* Begin PBXBuildFile section */
		78284F9C2B212AD600AF0ED7 /* WidgetPreviewView.swift in Sources */ = {isa = PBXBuildFile; fileRef = 78284F9B2B212AD600AF0ED7 /* WidgetPreviewView.swift */; };
		78284F9E2B23B17400AF0ED7 /* StyledBackgroundImageWidgetPreview.swift in Sources */ = {isa = PBXBuildFile; fileRef = 78284F9D2B23B17400AF0ED7 /* StyledBackgroundImageWidgetPreview.swift */; };
		7848988F2E079FAD0081203E /* GRDB in Frameworks */ = {isa = PBXBuildFile; productRef = 7848988E2E079FAD0081203E /* GRDB */; };
		784898912E079FFF0081203E /* GRDB in Frameworks */ = {isa = PBXBuildFile; productRef = 784898902E079FFF0081203E /* GRDB */; };
		784898932E08F7840081203E /* Persistence.swift in Sources */ = {isa = PBXBuildFile; fileRef = 784898922E08F77F0081203E /* Persistence.swift */; };
		784898942E08F7840081203E /* Persistence.swift in Sources */ = {isa = PBXBuildFile; fileRef = 784898922E08F77F0081203E /* Persistence.swift */; };
		784898952E08F7840081203E /* Persistence.swift in Sources */ = {isa = PBXBuildFile; fileRef = 784898922E08F77F0081203E /* Persistence.swift */; };
		784898982E08F8560081203E /* GRDB in Frameworks */ = {isa = PBXBuildFile; productRef = 784898972E08F8560081203E /* GRDB */; };
		7848989A2E08F8C10081203E /* GRDB in Frameworks */ = {isa = PBXBuildFile; productRef = 784898992E08F8C10081203E /* GRDB */; };
		7848989C2E08F8ED0081203E /* AppDatabase.swift in Sources */ = {isa = PBXBuildFile; fileRef = 7848989B2E08F8ED0081203E /* AppDatabase.swift */; };
		7848989D2E08F8ED0081203E /* AppDatabase.swift in Sources */ = {isa = PBXBuildFile; fileRef = 7848989B2E08F8ED0081203E /* AppDatabase.swift */; };
		7848989E2E08F8ED0081203E /* AppDatabase.swift in Sources */ = {isa = PBXBuildFile; fileRef = 7848989B2E08F8ED0081203E /* AppDatabase.swift */; };
		784898A02E08FCCD0081203E /* TableNames.swift in Sources */ = {isa = PBXBuildFile; fileRef = 7848989F2E08FCCD0081203E /* TableNames.swift */; };
		784898A12E08FCCD0081203E /* TableNames.swift in Sources */ = {isa = PBXBuildFile; fileRef = 7848989F2E08FCCD0081203E /* TableNames.swift */; };
		784898A22E08FCCD0081203E /* TableNames.swift in Sources */ = {isa = PBXBuildFile; fileRef = 7848989F2E08FCCD0081203E /* TableNames.swift */; };
		784898AA2E0988320081203E /* GRDBHoliday.swift in Sources */ = {isa = PBXBuildFile; fileRef = 784898A92E0988320081203E /* GRDBHoliday.swift */; };
		784898AB2E0988320081203E /* GRDBHoliday.swift in Sources */ = {isa = PBXBuildFile; fileRef = 784898A92E0988320081203E /* GRDBHoliday.swift */; };
		784898AC2E0988320081203E /* GRDBHoliday.swift in Sources */ = {isa = PBXBuildFile; fileRef = 784898A92E0988320081203E /* GRDBHoliday.swift */; };
		784898AE2E098E490081203E /* GRDBHolidayDisplayOptions.swift in Sources */ = {isa = PBXBuildFile; fileRef = 784898AD2E098E490081203E /* GRDBHolidayDisplayOptions.swift */; };
		784898AF2E098E490081203E /* GRDBHolidayDisplayOptions.swift in Sources */ = {isa = PBXBuildFile; fileRef = 784898AD2E098E490081203E /* GRDBHolidayDisplayOptions.swift */; };
		784898B02E098E490081203E /* GRDBHolidayDisplayOptions.swift in Sources */ = {isa = PBXBuildFile; fileRef = 784898AD2E098E490081203E /* GRDBHolidayDisplayOptions.swift */; };
		784898B22E0991E50081203E /* GRDBTextOption.swift in Sources */ = {isa = PBXBuildFile; fileRef = 784898B12E0991E50081203E /* GRDBTextOption.swift */; };
		784898B32E0991E50081203E /* GRDBTextOption.swift in Sources */ = {isa = PBXBuildFile; fileRef = 784898B12E0991E50081203E /* GRDBTextOption.swift */; };
		784898B42E0991E50081203E /* GRDBTextOption.swift in Sources */ = {isa = PBXBuildFile; fileRef = 784898B12E0991E50081203E /* GRDBTextOption.swift */; };
		784898B72E09920D0081203E /* TextOptionId.swift in Sources */ = {isa = PBXBuildFile; fileRef = 784898B62E09920D0081203E /* TextOptionId.swift */; };
		784898B82E09920D0081203E /* TextOptionId.swift in Sources */ = {isa = PBXBuildFile; fileRef = 784898B62E09920D0081203E /* TextOptionId.swift */; };
		784898B92E09920D0081203E /* TextOptionId.swift in Sources */ = {isa = PBXBuildFile; fileRef = 784898B62E09920D0081203E /* TextOptionId.swift */; };
		784898BA2E09920D0081203E /* TextOptionId.swift in Sources */ = {isa = PBXBuildFile; fileRef = 784898B62E09920D0081203E /* TextOptionId.swift */; };
		784898BC2E0992290081203E /* BackgroundOptionId.swift in Sources */ = {isa = PBXBuildFile; fileRef = 784898BB2E0992290081203E /* BackgroundOptionId.swift */; };
		784898BD2E0992290081203E /* BackgroundOptionId.swift in Sources */ = {isa = PBXBuildFile; fileRef = 784898BB2E0992290081203E /* BackgroundOptionId.swift */; };
		784898BE2E0992290081203E /* BackgroundOptionId.swift in Sources */ = {isa = PBXBuildFile; fileRef = 784898BB2E0992290081203E /* BackgroundOptionId.swift */; };
		784898BF2E0992290081203E /* BackgroundOptionId.swift in Sources */ = {isa = PBXBuildFile; fileRef = 784898BB2E0992290081203E /* BackgroundOptionId.swift */; };
		784898C12E0992340081203E /* BackgroundOptionType.swift in Sources */ = {isa = PBXBuildFile; fileRef = 784898C02E0992340081203E /* BackgroundOptionType.swift */; };
		784898C22E0992340081203E /* BackgroundOptionType.swift in Sources */ = {isa = PBXBuildFile; fileRef = 784898C02E0992340081203E /* BackgroundOptionType.swift */; };
		784898C32E0992340081203E /* BackgroundOptionType.swift in Sources */ = {isa = PBXBuildFile; fileRef = 784898C02E0992340081203E /* BackgroundOptionType.swift */; };
		784898C42E0992340081203E /* BackgroundOptionType.swift in Sources */ = {isa = PBXBuildFile; fileRef = 784898C02E0992340081203E /* BackgroundOptionType.swift */; };
		784898C62E0992870081203E /* GRDBBackgroundOption.swift in Sources */ = {isa = PBXBuildFile; fileRef = 784898C52E0992870081203E /* GRDBBackgroundOption.swift */; };
		784898C72E0992870081203E /* GRDBBackgroundOption.swift in Sources */ = {isa = PBXBuildFile; fileRef = 784898C52E0992870081203E /* GRDBBackgroundOption.swift */; };
		784898C82E0992870081203E /* GRDBBackgroundOption.swift in Sources */ = {isa = PBXBuildFile; fileRef = 784898C52E0992870081203E /* GRDBBackgroundOption.swift */; };
		784898D32E1611C80081203E /* BackgroundOptionsService.swift in Sources */ = {isa = PBXBuildFile; fileRef = 784898D22E1611C00081203E /* BackgroundOptionsService.swift */; };
		784898D42E1611C80081203E /* BackgroundOptionsService.swift in Sources */ = {isa = PBXBuildFile; fileRef = 784898D22E1611C00081203E /* BackgroundOptionsService.swift */; };
		784898D52E1611C80081203E /* BackgroundOptionsService.swift in Sources */ = {isa = PBXBuildFile; fileRef = 784898D22E1611C00081203E /* BackgroundOptionsService.swift */; };
		784898D72E172E910081203E /* GRDBUserEnabledHolidays.swift in Sources */ = {isa = PBXBuildFile; fileRef = 784898D62E172E790081203E /* GRDBUserEnabledHolidays.swift */; };
		784898D82E172E910081203E /* GRDBUserEnabledHolidays.swift in Sources */ = {isa = PBXBuildFile; fileRef = 784898D62E172E790081203E /* GRDBUserEnabledHolidays.swift */; };
		784898D92E172E910081203E /* GRDBUserEnabledHolidays.swift in Sources */ = {isa = PBXBuildFile; fileRef = 784898D62E172E790081203E /* GRDBUserEnabledHolidays.swift */; };
		784898DB2E1730A00081203E /* HolidayLoadingError.swift in Sources */ = {isa = PBXBuildFile; fileRef = 784898DA2E1730A00081203E /* HolidayLoadingError.swift */; };
		784898DC2E1730A00081203E /* HolidayLoadingError.swift in Sources */ = {isa = PBXBuildFile; fileRef = 784898DA2E1730A00081203E /* HolidayLoadingError.swift */; };
		784898DD2E1730A00081203E /* HolidayLoadingError.swift in Sources */ = {isa = PBXBuildFile; fileRef = 784898DA2E1730A00081203E /* HolidayLoadingError.swift */; };
		784898DE2E1730A00081203E /* HolidayLoadingError.swift in Sources */ = {isa = PBXBuildFile; fileRef = 784898DA2E1730A00081203E /* HolidayLoadingError.swift */; };
		784898E02E1731920081203E /* TextOptionsService.swift in Sources */ = {isa = PBXBuildFile; fileRef = 784898DF2E1731920081203E /* TextOptionsService.swift */; };
		784898E12E1731920081203E /* TextOptionsService.swift in Sources */ = {isa = PBXBuildFile; fileRef = 784898DF2E1731920081203E /* TextOptionsService.swift */; };
		784898E22E1731920081203E /* TextOptionsService.swift in Sources */ = {isa = PBXBuildFile; fileRef = 784898DF2E1731920081203E /* TextOptionsService.swift */; };
		784898E42E1731CA0081203E /* HolidayDisplayOptionsService.swift in Sources */ = {isa = PBXBuildFile; fileRef = 784898E32E1731B60081203E /* HolidayDisplayOptionsService.swift */; };
		784898E52E1731CA0081203E /* HolidayDisplayOptionsService.swift in Sources */ = {isa = PBXBuildFile; fileRef = 784898E32E1731B60081203E /* HolidayDisplayOptionsService.swift */; };
		784898E62E1731CA0081203E /* HolidayDisplayOptionsService.swift in Sources */ = {isa = PBXBuildFile; fileRef = 784898E32E1731B60081203E /* HolidayDisplayOptionsService.swift */; };
		784898E82E1828D90081203E /* HolidayService.swift in Sources */ = {isa = PBXBuildFile; fileRef = 784898E72E1828D60081203E /* HolidayService.swift */; };
		784898E92E1828D90081203E /* HolidayService.swift in Sources */ = {isa = PBXBuildFile; fileRef = 784898E72E1828D60081203E /* HolidayService.swift */; };
		784898EA2E1828D90081203E /* HolidayService.swift in Sources */ = {isa = PBXBuildFile; fileRef = 784898E72E1828D60081203E /* HolidayService.swift */; };
		784898EC2E1851120081203E /* HolidayCreation.swift in Sources */ = {isa = PBXBuildFile; fileRef = 784898EB2E18510D0081203E /* HolidayCreation.swift */; };
		784898ED2E1851120081203E /* HolidayCreation.swift in Sources */ = {isa = PBXBuildFile; fileRef = 784898EB2E18510D0081203E /* HolidayCreation.swift */; };
		784898EE2E1851120081203E /* HolidayCreation.swift in Sources */ = {isa = PBXBuildFile; fileRef = 784898EB2E18510D0081203E /* HolidayCreation.swift */; };
		784898F02E185FAA0081203E /* HolidayCreateErrors.swift in Sources */ = {isa = PBXBuildFile; fileRef = 784898EF2E185FAA0081203E /* HolidayCreateErrors.swift */; };
		784898F12E185FAA0081203E /* HolidayCreateErrors.swift in Sources */ = {isa = PBXBuildFile; fileRef = 784898EF2E185FAA0081203E /* HolidayCreateErrors.swift */; };
		784898F22E185FAA0081203E /* HolidayCreateErrors.swift in Sources */ = {isa = PBXBuildFile; fileRef = 784898EF2E185FAA0081203E /* HolidayCreateErrors.swift */; };
		784898F32E185FAA0081203E /* HolidayCreateErrors.swift in Sources */ = {isa = PBXBuildFile; fileRef = 784898EF2E185FAA0081203E /* HolidayCreateErrors.swift */; };
		784898F62E186C650081203E /* GRDBQuery in Frameworks */ = {isa = PBXBuildFile; productRef = 784898F52E186C650081203E /* GRDBQuery */; };
		784898F82E186C770081203E /* GRDBQuery in Frameworks */ = {isa = PBXBuildFile; productRef = 784898F72E186C770081203E /* GRDBQuery */; };
		784898FA2E19C0D20081203E /* UserEnabledHolidaysService.swift in Sources */ = {isa = PBXBuildFile; fileRef = 784898F92E19C0C70081203E /* UserEnabledHolidaysService.swift */; };
		784898FB2E19C0D20081203E /* UserEnabledHolidaysService.swift in Sources */ = {isa = PBXBuildFile; fileRef = 784898F92E19C0C70081203E /* UserEnabledHolidaysService.swift */; };
		784898FC2E19C0D20081203E /* UserEnabledHolidaysService.swift in Sources */ = {isa = PBXBuildFile; fileRef = 784898F92E19C0C70081203E /* UserEnabledHolidaysService.swift */; };
		784898FE2E1A22F20081203E /* HolidayErrors.swift in Sources */ = {isa = PBXBuildFile; fileRef = 784898FD2E1A22ED0081203E /* HolidayErrors.swift */; };
		784898FF2E1A22F20081203E /* HolidayErrors.swift in Sources */ = {isa = PBXBuildFile; fileRef = 784898FD2E1A22ED0081203E /* HolidayErrors.swift */; };
		784899002E1A22F20081203E /* HolidayErrors.swift in Sources */ = {isa = PBXBuildFile; fileRef = 784898FD2E1A22ED0081203E /* HolidayErrors.swift */; };
		784899012E1A22F20081203E /* HolidayErrors.swift in Sources */ = {isa = PBXBuildFile; fileRef = 784898FD2E1A22ED0081203E /* HolidayErrors.swift */; };
		784899032E1A99190081203E /* HolidayToggleListView.swift in Sources */ = {isa = PBXBuildFile; fileRef = 784899022E1A99190081203E /* HolidayToggleListView.swift */; };
		784899072E1BEE880081203E /* DaysUntilWhen.storekit in Resources */ = {isa = PBXBuildFile; fileRef = 784899062E1BEE880081203E /* DaysUntilWhen.storekit */; };
		7848990D2E1BEF230081203E /* StoreKit.swift in Sources */ = {isa = PBXBuildFile; fileRef = 784899042E1BEC330081203E /* StoreKit.swift */; };
		7848990F2E1BEF640081203E /* AppBackground.swift in Sources */ = {isa = PBXBuildFile; fileRef = 7848990E2E1BEF600081203E /* AppBackground.swift */; };
		786931492E244AD8005A9CF6 /* GRDBFtueEvent.swift in Sources */ = {isa = PBXBuildFile; fileRef = 786931482E244AD5005A9CF6 /* GRDBFtueEvent.swift */; };
		7869314A2E244AD8005A9CF6 /* GRDBFtueEvent.swift in Sources */ = {isa = PBXBuildFile; fileRef = 786931482E244AD5005A9CF6 /* GRDBFtueEvent.swift */; };
		7869314B2E244AD8005A9CF6 /* GRDBFtueEvent.swift in Sources */ = {isa = PBXBuildFile; fileRef = 786931482E244AD5005A9CF6 /* GRDBFtueEvent.swift */; };
		7869314D2E244BD0005A9CF6 /* FtueEventService.swift in Sources */ = {isa = PBXBuildFile; fileRef = 7869314C2E244BCB005A9CF6 /* FtueEventService.swift */; };
		7869314E2E244BD0005A9CF6 /* FtueEventService.swift in Sources */ = {isa = PBXBuildFile; fileRef = 7869314C2E244BCB005A9CF6 /* FtueEventService.swift */; };
		7869314F2E244BD0005A9CF6 /* FtueEventService.swift in Sources */ = {isa = PBXBuildFile; fileRef = 7869314C2E244BCB005A9CF6 /* FtueEventService.swift */; };
		786B50772C60F547008E2979 /* Bedrock in Frameworks */ = {isa = PBXBuildFile; productRef = 786B50762C60F547008E2979 /* Bedrock */; };
		786B507A2C617DF7008E2979 /* config.swift in Sources */ = {isa = PBXBuildFile; fileRef = 786B50792C617DF7008E2979 /* config.swift */; };
		786B507C2C617F19008E2979 /* Config.plist in Resources */ = {isa = PBXBuildFile; fileRef = 786B507B2C617F19008E2979 /* Config.plist */; };
		786B507F2C617FE2008E2979 /* versionCheck.swift in Sources */ = {isa = PBXBuildFile; fileRef = 786B507E2C617FE2008E2979 /* versionCheck.swift */; };
		786B50802C618207008E2979 /* DefaultConfig.json in Resources */ = {isa = PBXBuildFile; fileRef = 786B507D2C617FBE008E2979 /* DefaultConfig.json */; };
		789815A32B05D4F5002AF275 /* Utils.swift in Sources */ = {isa = PBXBuildFile; fileRef = 789815A22B05D4F5002AF275 /* Utils.swift */; };
		789815B22B086454002AF275 /* WidgetKit.framework in Frameworks */ = {isa = PBXBuildFile; fileRef = 78BB45292B049C57000EA9F5 /* WidgetKit.framework */; };
		789815B32B086454002AF275 /* SwiftUI.framework in Frameworks */ = {isa = PBXBuildFile; fileRef = 78BB452B2B049C58000EA9F5 /* SwiftUI.framework */; };
		789815B62B086454002AF275 /* DaysUntilWidgetBundle.swift in Sources */ = {isa = PBXBuildFile; fileRef = 789815B52B086454002AF275 /* DaysUntilWidgetBundle.swift */; };
		789815B82B086454002AF275 /* DaysUntilWidgetLiveActivity.swift in Sources */ = {isa = PBXBuildFile; fileRef = 789815B72B086454002AF275 /* DaysUntilWidgetLiveActivity.swift */; };
		789815BA2B086454002AF275 /* DaysUntilWidget.swift in Sources */ = {isa = PBXBuildFile; fileRef = 789815B92B086454002AF275 /* DaysUntilWidget.swift */; };
		789815C02B086455002AF275 /* DaysUntilWidgetExtension.appex in Embed Foundation Extensions */ = {isa = PBXBuildFile; fileRef = 789815B12B086454002AF275 /* DaysUntilWidgetExtension.appex */; settings = {ATTRIBUTES = (RemoveHeadersOnCopy, ); }; };
		789815C42B08646C002AF275 /* DaysUntilWidgetEntryView.swift in Sources */ = {isa = PBXBuildFile; fileRef = 78BB45402B049E27000EA9F5 /* DaysUntilWidgetEntryView.swift */; };
		789815C62B08649F002AF275 /* HolidayVariant.swift in Sources */ = {isa = PBXBuildFile; fileRef = 78BB45552B049EFB000EA9F5 /* HolidayVariant.swift */; };
		789815C82B0864A4002AF275 /* Utils.swift in Sources */ = {isa = PBXBuildFile; fileRef = 789815A22B05D4F5002AF275 /* Utils.swift */; };
		789815E32B0BBE44002AF275 /* SharedUIAssets.xcassets in Resources */ = {isa = PBXBuildFile; fileRef = 789815E22B0BBE44002AF275 /* SharedUIAssets.xcassets */; };
		789815E42B0BBE44002AF275 /* SharedUIAssets.xcassets in Resources */ = {isa = PBXBuildFile; fileRef = 789815E22B0BBE44002AF275 /* SharedUIAssets.xcassets */; };
		789815EC2B0C0F50002AF275 /* WidgetPickers.swift in Sources */ = {isa = PBXBuildFile; fileRef = 789815EB2B0C0F50002AF275 /* WidgetPickers.swift */; };
		789815EF2B0C62D8002AF275 /* HolidayVariant.swift in Sources */ = {isa = PBXBuildFile; fileRef = 78BB45552B049EFB000EA9F5 /* HolidayVariant.swift */; };
		789815F02B0C6D13002AF275 /* DaysUntilWidgetEntryView.swift in Sources */ = {isa = PBXBuildFile; fileRef = 78BB45402B049E27000EA9F5 /* DaysUntilWidgetEntryView.swift */; };
		789815F12B0C6D27002AF275 /* DaysUntilWidget.swift in Sources */ = {isa = PBXBuildFile; fileRef = 789815B92B086454002AF275 /* DaysUntilWidget.swift */; };
		789815F32B0C6D7F002AF275 /* Utils.swift in Sources */ = {isa = PBXBuildFile; fileRef = 789815A22B05D4F5002AF275 /* Utils.swift */; };
		789816012B0E3FF1002AF275 /* HolidaysTest.swift in Sources */ = {isa = PBXBuildFile; fileRef = 789816002B0E3FF1002AF275 /* HolidaysTest.swift */; };
		789816022B0E3FF1002AF275 /* Holidays.framework in Frameworks */ = {isa = PBXBuildFile; fileRef = 78BB45472B049EA1000EA9F5 /* Holidays.framework */; };
		789816092B0E4004002AF275 /* UtilsTests.swift in Sources */ = {isa = PBXBuildFile; fileRef = 789816082B0E4004002AF275 /* UtilsTests.swift */; };
		7898160C2B0E4012002AF275 /* Utils.swift in Sources */ = {isa = PBXBuildFile; fileRef = 789815A22B05D4F5002AF275 /* Utils.swift */; };
		7898160E2B0E4012002AF275 /* HolidayVariant.swift in Sources */ = {isa = PBXBuildFile; fileRef = 78BB45552B049EFB000EA9F5 /* HolidayVariant.swift */; };
		789816122B0E5C7A002AF275 /* AppGroup.swift in Sources */ = {isa = PBXBuildFile; fileRef = 789816112B0E5C7A002AF275 /* AppGroup.swift */; };
		789816132B0E5D70002AF275 /* AppGroup.swift in Sources */ = {isa = PBXBuildFile; fileRef = 789816112B0E5C7A002AF275 /* AppGroup.swift */; };
		789816152B0E5DE2002AF275 /* AppGroup.swift in Sources */ = {isa = PBXBuildFile; fileRef = 789816112B0E5C7A002AF275 /* AppGroup.swift */; };
		78BB45162B047501000EA9F5 /* DaysUntilApp.swift in Sources */ = {isa = PBXBuildFile; fileRef = 78BB45152B047501000EA9F5 /* DaysUntilApp.swift */; };
		78BB45182B047501000EA9F5 /* ContentView.swift in Sources */ = {isa = PBXBuildFile; fileRef = 78BB45172B047501000EA9F5 /* ContentView.swift */; };
		78BB451D2B047503000EA9F5 /* Preview Assets.xcassets in Resources */ = {isa = PBXBuildFile; fileRef = 78BB451C2B047503000EA9F5 /* Preview Assets.xcassets */; };
		78BB454A2B049EA1000EA9F5 /* Holidays.h in Headers */ = {isa = PBXBuildFile; fileRef = 78BB45492B049EA1000EA9F5 /* Holidays.h */; settings = {ATTRIBUTES = (Public, ); }; };
		78BB454D2B049EA1000EA9F5 /* Holidays.framework in Frameworks */ = {isa = PBXBuildFile; fileRef = 78BB45472B049EA1000EA9F5 /* Holidays.framework */; };
		78BB454E2B049EA1000EA9F5 /* Holidays.framework in Embed Frameworks */ = {isa = PBXBuildFile; fileRef = 78BB45472B049EA1000EA9F5 /* Holidays.framework */; settings = {ATTRIBUTES = (CodeSignOnCopy, RemoveHeadersOnCopy, ); }; };
		78BB45562B049EFB000EA9F5 /* HolidayVariant.swift in Sources */ = {isa = PBXBuildFile; fileRef = 78BB45552B049EFB000EA9F5 /* HolidayVariant.swift */; };
		78DE9FE62BBE51E800782A08 /* DateExtensions.swift in Sources */ = {isa = PBXBuildFile; fileRef = 78DE9FE52BBE51E800782A08 /* DateExtensions.swift */; };
		78DE9FE72BBE528600782A08 /* DateExtensions.swift in Sources */ = {isa = PBXBuildFile; fileRef = 78DE9FE52BBE51E800782A08 /* DateExtensions.swift */; };
		78DE9FE82BBE528600782A08 /* DateExtensions.swift in Sources */ = {isa = PBXBuildFile; fileRef = 78DE9FE52BBE51E800782A08 /* DateExtensions.swift */; };
		78DE9FE92BBE528700782A08 /* DateExtensions.swift in Sources */ = {isa = PBXBuildFile; fileRef = 78DE9FE52BBE51E800782A08 /* DateExtensions.swift */; };
		78FBCBCB2B1C38210015D817 /* SharedUIAssets.xcassets in Resources */ = {isa = PBXBuildFile; fileRef = 789815E22B0BBE44002AF275 /* SharedUIAssets.xcassets */; };
/* End PBXBuildFile section */

/* Begin PBXContainerItemProxy section */
		789815BE2B086455002AF275 /* PBXContainerItemProxy */ = {
			isa = PBXContainerItemProxy;
			containerPortal = 78BB450A2B047501000EA9F5 /* Project object */;
			proxyType = 1;
			remoteGlobalIDString = 789815B02B086454002AF275;
			remoteInfo = DaysUntilWidgetExtension;
		};
		789816032B0E3FF1002AF275 /* PBXContainerItemProxy */ = {
			isa = PBXContainerItemProxy;
			containerPortal = 78BB450A2B047501000EA9F5 /* Project object */;
			proxyType = 1;
			remoteGlobalIDString = 78BB45462B049EA1000EA9F5;
			remoteInfo = Holidays;
		};
		78BB454B2B049EA1000EA9F5 /* PBXContainerItemProxy */ = {
			isa = PBXContainerItemProxy;
			containerPortal = 78BB450A2B047501000EA9F5 /* Project object */;
			proxyType = 1;
			remoteGlobalIDString = 78BB45462B049EA1000EA9F5;
			remoteInfo = Holidays;
		};
/* End PBXContainerItemProxy section */

/* Begin PBXCopyFilesBuildPhase section */
		78BB453F2B049C59000EA9F5 /* Embed Foundation Extensions */ = {
			isa = PBXCopyFilesBuildPhase;
			buildActionMask = 2147483647;
			dstPath = "";
			dstSubfolderSpec = 13;
			files = (
				789815C02B086455002AF275 /* DaysUntilWidgetExtension.appex in Embed Foundation Extensions */,
			);
			name = "Embed Foundation Extensions";
			runOnlyForDeploymentPostprocessing = 0;
		};
		78BB45522B049EA1000EA9F5 /* Embed Frameworks */ = {
			isa = PBXCopyFilesBuildPhase;
			buildActionMask = 2147483647;
			dstPath = "";
			dstSubfolderSpec = 10;
			files = (
				78BB454E2B049EA1000EA9F5 /* Holidays.framework in Embed Frameworks */,
			);
			name = "Embed Frameworks";
			runOnlyForDeploymentPostprocessing = 0;
		};
/* End PBXCopyFilesBuildPhase section */

/* Begin PBXFileReference section */
		78284F9B2B212AD600AF0ED7 /* WidgetPreviewView.swift */ = {isa = PBXFileReference; lastKnownFileType = sourcecode.swift; path = WidgetPreviewView.swift; sourceTree = "<group>"; };
		78284F9D2B23B17400AF0ED7 /* StyledBackgroundImageWidgetPreview.swift */ = {isa = PBXFileReference; lastKnownFileType = sourcecode.swift; path = StyledBackgroundImageWidgetPreview.swift; sourceTree = "<group>"; };
		784898922E08F77F0081203E /* Persistence.swift */ = {isa = PBXFileReference; lastKnownFileType = sourcecode.swift; path = Persistence.swift; sourceTree = "<group>"; };
		7848989B2E08F8ED0081203E /* AppDatabase.swift */ = {isa = PBXFileReference; lastKnownFileType = sourcecode.swift; path = AppDatabase.swift; sourceTree = "<group>"; };
		7848989F2E08FCCD0081203E /* TableNames.swift */ = {isa = PBXFileReference; lastKnownFileType = sourcecode.swift; path = TableNames.swift; sourceTree = "<group>"; };
		784898A92E0988320081203E /* GRDBHoliday.swift */ = {isa = PBXFileReference; lastKnownFileType = sourcecode.swift; path = GRDBHoliday.swift; sourceTree = "<group>"; };
		784898AD2E098E490081203E /* GRDBHolidayDisplayOptions.swift */ = {isa = PBXFileReference; lastKnownFileType = sourcecode.swift; path = GRDBHolidayDisplayOptions.swift; sourceTree = "<group>"; };
		784898B12E0991E50081203E /* GRDBTextOption.swift */ = {isa = PBXFileReference; lastKnownFileType = sourcecode.swift; path = GRDBTextOption.swift; sourceTree = "<group>"; };
		784898B62E09920D0081203E /* TextOptionId.swift */ = {isa = PBXFileReference; lastKnownFileType = sourcecode.swift; path = TextOptionId.swift; sourceTree = "<group>"; };
		784898BB2E0992290081203E /* BackgroundOptionId.swift */ = {isa = PBXFileReference; lastKnownFileType = sourcecode.swift; path = BackgroundOptionId.swift; sourceTree = "<group>"; };
		784898C02E0992340081203E /* BackgroundOptionType.swift */ = {isa = PBXFileReference; lastKnownFileType = sourcecode.swift; path = BackgroundOptionType.swift; sourceTree = "<group>"; };
		784898C52E0992870081203E /* GRDBBackgroundOption.swift */ = {isa = PBXFileReference; lastKnownFileType = sourcecode.swift; path = GRDBBackgroundOption.swift; sourceTree = "<group>"; };
		784898D22E1611C00081203E /* BackgroundOptionsService.swift */ = {isa = PBXFileReference; lastKnownFileType = sourcecode.swift; path = BackgroundOptionsService.swift; sourceTree = "<group>"; };
		784898D62E172E790081203E /* GRDBUserEnabledHolidays.swift */ = {isa = PBXFileReference; lastKnownFileType = sourcecode.swift; path = GRDBUserEnabledHolidays.swift; sourceTree = "<group>"; };
		784898DA2E1730A00081203E /* HolidayLoadingError.swift */ = {isa = PBXFileReference; lastKnownFileType = sourcecode.swift; path = HolidayLoadingError.swift; sourceTree = "<group>"; };
		784898DF2E1731920081203E /* TextOptionsService.swift */ = {isa = PBXFileReference; lastKnownFileType = sourcecode.swift; path = TextOptionsService.swift; sourceTree = "<group>"; };
		784898E32E1731B60081203E /* HolidayDisplayOptionsService.swift */ = {isa = PBXFileReference; lastKnownFileType = sourcecode.swift; path = HolidayDisplayOptionsService.swift; sourceTree = "<group>"; };
		784898E72E1828D60081203E /* HolidayService.swift */ = {isa = PBXFileReference; lastKnownFileType = sourcecode.swift; path = HolidayService.swift; sourceTree = "<group>"; };
		784898EB2E18510D0081203E /* HolidayCreation.swift */ = {isa = PBXFileReference; lastKnownFileType = sourcecode.swift; path = HolidayCreation.swift; sourceTree = "<group>"; };
		784898EF2E185FAA0081203E /* HolidayCreateErrors.swift */ = {isa = PBXFileReference; lastKnownFileType = sourcecode.swift; path = HolidayCreateErrors.swift; sourceTree = "<group>"; };
		784898F92E19C0C70081203E /* UserEnabledHolidaysService.swift */ = {isa = PBXFileReference; lastKnownFileType = sourcecode.swift; path = UserEnabledHolidaysService.swift; sourceTree = "<group>"; };
		784898FD2E1A22ED0081203E /* HolidayErrors.swift */ = {isa = PBXFileReference; lastKnownFileType = sourcecode.swift; path = HolidayErrors.swift; sourceTree = "<group>"; };
		784899022E1A99190081203E /* HolidayToggleListView.swift */ = {isa = PBXFileReference; lastKnownFileType = sourcecode.swift; path = HolidayToggleListView.swift; sourceTree = "<group>"; };
		784899042E1BEC330081203E /* StoreKit.swift */ = {isa = PBXFileReference; lastKnownFileType = sourcecode.swift; path = StoreKit.swift; sourceTree = "<group>"; };
		784899062E1BEE880081203E /* DaysUntilWhen.storekit */ = {isa = PBXFileReference; lastKnownFileType = text; path = DaysUntilWhen.storekit; sourceTree = "<group>"; };
		7848990E2E1BEF600081203E /* AppBackground.swift */ = {isa = PBXFileReference; lastKnownFileType = sourcecode.swift; path = AppBackground.swift; sourceTree = "<group>"; };
		786931482E244AD5005A9CF6 /* GRDBFtueEvent.swift */ = {isa = PBXFileReference; lastKnownFileType = sourcecode.swift; path = GRDBFtueEvent.swift; sourceTree = "<group>"; };
		7869314C2E244BCB005A9CF6 /* FtueEventService.swift */ = {isa = PBXFileReference; lastKnownFileType = sourcecode.swift; path = FtueEventService.swift; sourceTree = "<group>"; };
		786B50792C617DF7008E2979 /* config.swift */ = {isa = PBXFileReference; lastKnownFileType = sourcecode.swift; path = config.swift; sourceTree = "<group>"; };
		786B507B2C617F19008E2979 /* Config.plist */ = {isa = PBXFileReference; lastKnownFileType = text.plist.xml; path = Config.plist; sourceTree = "<group>"; };
		786B507D2C617FBE008E2979 /* DefaultConfig.json */ = {isa = PBXFileReference; lastKnownFileType = text.json; path = DefaultConfig.json; sourceTree = "<group>"; };
		786B507E2C617FE2008E2979 /* versionCheck.swift */ = {isa = PBXFileReference; lastKnownFileType = sourcecode.swift; path = versionCheck.swift; sourceTree = "<group>"; };
		789815A22B05D4F5002AF275 /* Utils.swift */ = {isa = PBXFileReference; lastKnownFileType = sourcecode.swift; path = Utils.swift; sourceTree = "<group>"; };
		789815B12B086454002AF275 /* DaysUntilWidgetExtension.appex */ = {isa = PBXFileReference; explicitFileType = "wrapper.app-extension"; includeInIndex = 0; path = DaysUntilWidgetExtension.appex; sourceTree = BUILT_PRODUCTS_DIR; };
		789815B52B086454002AF275 /* DaysUntilWidgetBundle.swift */ = {isa = PBXFileReference; lastKnownFileType = sourcecode.swift; path = DaysUntilWidgetBundle.swift; sourceTree = "<group>"; };
		789815B72B086454002AF275 /* DaysUntilWidgetLiveActivity.swift */ = {isa = PBXFileReference; lastKnownFileType = sourcecode.swift; path = DaysUntilWidgetLiveActivity.swift; sourceTree = "<group>"; };
		789815B92B086454002AF275 /* DaysUntilWidget.swift */ = {isa = PBXFileReference; lastKnownFileType = sourcecode.swift; path = DaysUntilWidget.swift; sourceTree = "<group>"; };
		789815BD2B086455002AF275 /* Info.plist */ = {isa = PBXFileReference; lastKnownFileType = text.plist.xml; path = Info.plist; sourceTree = "<group>"; };
		789815E22B0BBE44002AF275 /* SharedUIAssets.xcassets */ = {isa = PBXFileReference; lastKnownFileType = folder.assetcatalog; path = SharedUIAssets.xcassets; sourceTree = "<group>"; };
		789815EB2B0C0F50002AF275 /* WidgetPickers.swift */ = {isa = PBXFileReference; lastKnownFileType = sourcecode.swift; path = WidgetPickers.swift; sourceTree = "<group>"; };
		789815FE2B0E3FF1002AF275 /* HolidaysTests.xctest */ = {isa = PBXFileReference; explicitFileType = wrapper.cfbundle; includeInIndex = 0; path = HolidaysTests.xctest; sourceTree = BUILT_PRODUCTS_DIR; };
		789816002B0E3FF1002AF275 /* HolidaysTest.swift */ = {isa = PBXFileReference; lastKnownFileType = sourcecode.swift; path = HolidaysTest.swift; sourceTree = "<group>"; };
		789816082B0E4004002AF275 /* UtilsTests.swift */ = {isa = PBXFileReference; lastKnownFileType = sourcecode.swift; path = UtilsTests.swift; sourceTree = "<group>"; };
		7898160F2B0E5BC6002AF275 /* DaysUntil.entitlements */ = {isa = PBXFileReference; lastKnownFileType = text.plist.entitlements; path = DaysUntil.entitlements; sourceTree = "<group>"; };
		789816102B0E5BEA002AF275 /* DaysUntilWidgetExtension.entitlements */ = {isa = PBXFileReference; lastKnownFileType = text.plist.entitlements; path = DaysUntilWidgetExtension.entitlements; sourceTree = "<group>"; };
		789816112B0E5C7A002AF275 /* AppGroup.swift */ = {isa = PBXFileReference; lastKnownFileType = sourcecode.swift; path = AppGroup.swift; sourceTree = "<group>"; };
		78BB45122B047501000EA9F5 /* DaysUntil.app */ = {isa = PBXFileReference; explicitFileType = wrapper.application; includeInIndex = 0; path = DaysUntil.app; sourceTree = BUILT_PRODUCTS_DIR; };
		78BB45152B047501000EA9F5 /* DaysUntilApp.swift */ = {isa = PBXFileReference; lastKnownFileType = sourcecode.swift; path = DaysUntilApp.swift; sourceTree = "<group>"; };
		78BB45172B047501000EA9F5 /* ContentView.swift */ = {isa = PBXFileReference; lastKnownFileType = sourcecode.swift; path = ContentView.swift; sourceTree = "<group>"; };
		78BB451C2B047503000EA9F5 /* Preview Assets.xcassets */ = {isa = PBXFileReference; lastKnownFileType = folder.assetcatalog; path = "Preview Assets.xcassets"; sourceTree = "<group>"; };
		78BB45292B049C57000EA9F5 /* WidgetKit.framework */ = {isa = PBXFileReference; lastKnownFileType = wrapper.framework; name = WidgetKit.framework; path = System/Library/Frameworks/WidgetKit.framework; sourceTree = SDKROOT; };
		78BB452B2B049C58000EA9F5 /* SwiftUI.framework */ = {isa = PBXFileReference; lastKnownFileType = wrapper.framework; name = SwiftUI.framework; path = System/Library/Frameworks/SwiftUI.framework; sourceTree = SDKROOT; };
		78BB45402B049E27000EA9F5 /* DaysUntilWidgetEntryView.swift */ = {isa = PBXFileReference; lastKnownFileType = sourcecode.swift; path = DaysUntilWidgetEntryView.swift; sourceTree = "<group>"; };
		78BB45472B049EA1000EA9F5 /* Holidays.framework */ = {isa = PBXFileReference; explicitFileType = wrapper.framework; includeInIndex = 0; path = Holidays.framework; sourceTree = BUILT_PRODUCTS_DIR; };
		78BB45492B049EA1000EA9F5 /* Holidays.h */ = {isa = PBXFileReference; lastKnownFileType = sourcecode.c.h; path = Holidays.h; sourceTree = "<group>"; };
		78BB45552B049EFB000EA9F5 /* HolidayVariant.swift */ = {isa = PBXFileReference; lastKnownFileType = sourcecode.swift; path = HolidayVariant.swift; sourceTree = "<group>"; };
		78DE9FE52BBE51E800782A08 /* DateExtensions.swift */ = {isa = PBXFileReference; lastKnownFileType = sourcecode.swift; path = DateExtensions.swift; sourceTree = "<group>"; };
/* End PBXFileReference section */

/* Begin PBXFileSystemSynchronizedRootGroup section */
		784899102E1BF9160081203E /* SettingsScreen */ = {isa = PBXFileSystemSynchronizedRootGroup; explicitFileTypes = {}; explicitFolders = (); path = SettingsScreen; sourceTree = "<group>"; };
/* End PBXFileSystemSynchronizedRootGroup section */

/* Begin PBXFrameworksBuildPhase section */
		789815AE2B086454002AF275 /* Frameworks */ = {
			isa = PBXFrameworksBuildPhase;
			buildActionMask = 2147483647;
			files = (
				7848989A2E08F8C10081203E /* GRDB in Frameworks */,
				789815B32B086454002AF275 /* SwiftUI.framework in Frameworks */,
				789815B22B086454002AF275 /* WidgetKit.framework in Frameworks */,
			);
			runOnlyForDeploymentPostprocessing = 0;
		};
		789815FB2B0E3FF1002AF275 /* Frameworks */ = {
			isa = PBXFrameworksBuildPhase;
			buildActionMask = 2147483647;
			files = (
				789816022B0E3FF1002AF275 /* Holidays.framework in Frameworks */,
			);
			runOnlyForDeploymentPostprocessing = 0;
		};
		78BB450F2B047501000EA9F5 /* Frameworks */ = {
			isa = PBXFrameworksBuildPhase;
			buildActionMask = 2147483647;
			files = (
				784898912E079FFF0081203E /* GRDB in Frameworks */,
				78BB454D2B049EA1000EA9F5 /* Holidays.framework in Frameworks */,
				784898F62E186C650081203E /* GRDBQuery in Frameworks */,
				786B50772C60F547008E2979 /* Bedrock in Frameworks */,
			);
			runOnlyForDeploymentPostprocessing = 0;
		};
		78BB45442B049EA1000EA9F5 /* Frameworks */ = {
			isa = PBXFrameworksBuildPhase;
			buildActionMask = 2147483647;
			files = (
				7848988F2E079FAD0081203E /* GRDB in Frameworks */,
				784898982E08F8560081203E /* GRDB in Frameworks */,
				784898F82E186C770081203E /* GRDBQuery in Frameworks */,
			);
			runOnlyForDeploymentPostprocessing = 0;
		};
/* End PBXFrameworksBuildPhase section */

/* Begin PBXGroup section */
		784898962E08F78A0081203E /* GRDB */ = {
			isa = PBXGroup;
			children = (
				784898D12E1611B80081203E /* Services */,
				784898A82E0977D90081203E /* Models */,
				7848989F2E08FCCD0081203E /* TableNames.swift */,
				7848989B2E08F8ED0081203E /* AppDatabase.swift */,
				784898922E08F77F0081203E /* Persistence.swift */,
			);
			path = GRDB;
			sourceTree = "<group>";
		};
		784898A82E0977D90081203E /* Models */ = {
			isa = PBXGroup;
			children = (
				786931482E244AD5005A9CF6 /* GRDBFtueEvent.swift */,
				784898D62E172E790081203E /* GRDBUserEnabledHolidays.swift */,
				784898C52E0992870081203E /* GRDBBackgroundOption.swift */,
				784898B12E0991E50081203E /* GRDBTextOption.swift */,
				784898AD2E098E490081203E /* GRDBHolidayDisplayOptions.swift */,
				784898A92E0988320081203E /* GRDBHoliday.swift */,
			);
			path = Models;
			sourceTree = "<group>";
		};
		784898D12E1611B80081203E /* Services */ = {
			isa = PBXGroup;
			children = (
				7869314C2E244BCB005A9CF6 /* FtueEventService.swift */,
				784898F92E19C0C70081203E /* UserEnabledHolidaysService.swift */,
				784898EB2E18510D0081203E /* HolidayCreation.swift */,
				784898E72E1828D60081203E /* HolidayService.swift */,
				784898E32E1731B60081203E /* HolidayDisplayOptionsService.swift */,
				784898DF2E1731920081203E /* TextOptionsService.swift */,
				784898D22E1611C00081203E /* BackgroundOptionsService.swift */,
			);
			path = Services;
			sourceTree = "<group>";
		};
		786B50782C60F55A008E2979 /* Services */ = {
			isa = PBXGroup;
			children = (
				786B50792C617DF7008E2979 /* config.swift */,
				786B507E2C617FE2008E2979 /* versionCheck.swift */,
			);
			path = Services;
			sourceTree = "<group>";
		};
		789815B42B086454002AF275 /* DaysUntilWidget */ = {
			isa = PBXGroup;
			children = (
				78BB45402B049E27000EA9F5 /* DaysUntilWidgetEntryView.swift */,
				789815B52B086454002AF275 /* DaysUntilWidgetBundle.swift */,
				789815B72B086454002AF275 /* DaysUntilWidgetLiveActivity.swift */,
				789815B92B086454002AF275 /* DaysUntilWidget.swift */,
				789815BD2B086455002AF275 /* Info.plist */,
			);
			path = DaysUntilWidget;
			sourceTree = "<group>";
		};
		789815FF2B0E3FF1002AF275 /* HolidaysTests */ = {
			isa = PBXGroup;
			children = (
				789816002B0E3FF1002AF275 /* HolidaysTest.swift */,
				789816082B0E4004002AF275 /* UtilsTests.swift */,
			);
			path = HolidaysTests;
			sourceTree = "<group>";
		};
		78BB45092B047501000EA9F5 = {
			isa = PBXGroup;
			children = (
				784899062E1BEE880081203E /* DaysUntilWhen.storekit */,
				789816102B0E5BEA002AF275 /* DaysUntilWidgetExtension.entitlements */,
				78BB45142B047501000EA9F5 /* DaysUntil */,
				78BB45482B049EA1000EA9F5 /* Holidays */,
				789815B42B086454002AF275 /* DaysUntilWidget */,
				789815FF2B0E3FF1002AF275 /* HolidaysTests */,
				78BB45282B049C57000EA9F5 /* Frameworks */,
				78BB45132B047501000EA9F5 /* Products */,
			);
			sourceTree = "<group>";
		};
		78BB45132B047501000EA9F5 /* Products */ = {
			isa = PBXGroup;
			children = (
				78BB45122B047501000EA9F5 /* DaysUntil.app */,
				78BB45472B049EA1000EA9F5 /* Holidays.framework */,
				789815B12B086454002AF275 /* DaysUntilWidgetExtension.appex */,
				789815FE2B0E3FF1002AF275 /* HolidaysTests.xctest */,
			);
			name = Products;
			sourceTree = "<group>";
		};
		78BB45142B047501000EA9F5 /* DaysUntil */ = {
			isa = PBXGroup;
			children = (
				784899102E1BF9160081203E /* SettingsScreen */,
				784899022E1A99190081203E /* HolidayToggleListView.swift */,
				786B50782C60F55A008E2979 /* Services */,
				7898160F2B0E5BC6002AF275 /* DaysUntil.entitlements */,
				78BB45152B047501000EA9F5 /* DaysUntilApp.swift */,
				78BB45172B047501000EA9F5 /* ContentView.swift */,
				78BB451B2B047503000EA9F5 /* Preview Content */,
				789815EB2B0C0F50002AF275 /* WidgetPickers.swift */,
				789816112B0E5C7A002AF275 /* AppGroup.swift */,
				78284F9B2B212AD600AF0ED7 /* WidgetPreviewView.swift */,
				78284F9D2B23B17400AF0ED7 /* StyledBackgroundImageWidgetPreview.swift */,
				786B507D2C617FBE008E2979 /* DefaultConfig.json */,
				786B507B2C617F19008E2979 /* Config.plist */,
				7848990E2E1BEF600081203E /* AppBackground.swift */,
				784899042E1BEC330081203E /* StoreKit.swift */,
			);
			path = DaysUntil;
			sourceTree = "<group>";
		};
		78BB451B2B047503000EA9F5 /* Preview Content */ = {
			isa = PBXGroup;
			children = (
				78BB451C2B047503000EA9F5 /* Preview Assets.xcassets */,
			);
			path = "Preview Content";
			sourceTree = "<group>";
		};
		78BB45282B049C57000EA9F5 /* Frameworks */ = {
			isa = PBXGroup;
			children = (
				78BB45292B049C57000EA9F5 /* WidgetKit.framework */,
				78BB452B2B049C58000EA9F5 /* SwiftUI.framework */,
			);
			name = Frameworks;
			sourceTree = "<group>";
		};
		78BB45482B049EA1000EA9F5 /* Holidays */ = {
			isa = PBXGroup;
			children = (
				784898962E08F78A0081203E /* GRDB */,
				78FBCBD22B1C3A1B0015D817 /* Models */,
				78FBCBD12B1C3A160015D817 /* Enums */,
				789815E22B0BBE44002AF275 /* SharedUIAssets.xcassets */,
				78BB45492B049EA1000EA9F5 /* Holidays.h */,
				789815A22B05D4F5002AF275 /* Utils.swift */,
				78DE9FE52BBE51E800782A08 /* DateExtensions.swift */,
			);
			path = Holidays;
			sourceTree = "<group>";
		};
		78FBCBD12B1C3A160015D817 /* Enums */ = {
			isa = PBXGroup;
			children = (
				784898FD2E1A22ED0081203E /* HolidayErrors.swift */,
				784898EF2E185FAA0081203E /* HolidayCreateErrors.swift */,
				784898DA2E1730A00081203E /* HolidayLoadingError.swift */,
				784898C02E0992340081203E /* BackgroundOptionType.swift */,
				784898BB2E0992290081203E /* BackgroundOptionId.swift */,
				784898B62E09920D0081203E /* TextOptionId.swift */,
				78BB45552B049EFB000EA9F5 /* HolidayVariant.swift */,
			);
			path = Enums;
			sourceTree = "<group>";
		};
		78FBCBD22B1C3A1B0015D817 /* Models */ = {
			isa = PBXGroup;
			children = (
			);
			path = Models;
			sourceTree = "<group>";
		};
/* End PBXGroup section */

/* Begin PBXHeadersBuildPhase section */
		78BB45422B049EA1000EA9F5 /* Headers */ = {
			isa = PBXHeadersBuildPhase;
			buildActionMask = 2147483647;
			files = (
				78BB454A2B049EA1000EA9F5 /* Holidays.h in Headers */,
			);
			runOnlyForDeploymentPostprocessing = 0;
		};
/* End PBXHeadersBuildPhase section */

/* Begin PBXNativeTarget section */
		789815B02B086454002AF275 /* DaysUntilWidgetExtension */ = {
			isa = PBXNativeTarget;
			buildConfigurationList = 789815C12B086455002AF275 /* Build configuration list for PBXNativeTarget "DaysUntilWidgetExtension" */;
			buildPhases = (
				789815AD2B086454002AF275 /* Sources */,
				789815AE2B086454002AF275 /* Frameworks */,
				789815AF2B086454002AF275 /* Resources */,
			);
			buildRules = (
			);
			dependencies = (
			);
			name = DaysUntilWidgetExtension;
			productName = DaysUntilWidgetExtension;
			productReference = 789815B12B086454002AF275 /* DaysUntilWidgetExtension.appex */;
			productType = "com.apple.product-type.app-extension";
		};
		789815FD2B0E3FF1002AF275 /* HolidaysTests */ = {
			isa = PBXNativeTarget;
			buildConfigurationList = 789816052B0E3FF1002AF275 /* Build configuration list for PBXNativeTarget "HolidaysTests" */;
			buildPhases = (
				789815FA2B0E3FF1002AF275 /* Sources */,
				789815FB2B0E3FF1002AF275 /* Frameworks */,
				789815FC2B0E3FF1002AF275 /* Resources */,
			);
			buildRules = (
			);
			dependencies = (
				789816042B0E3FF1002AF275 /* PBXTargetDependency */,
			);
			name = HolidaysTests;
			productName = HolidaysTests;
			productReference = 789815FE2B0E3FF1002AF275 /* HolidaysTests.xctest */;
			productType = "com.apple.product-type.bundle.unit-test";
		};
		78BB45112B047501000EA9F5 /* DaysUntil */ = {
			isa = PBXNativeTarget;
			buildConfigurationList = 78BB45202B047503000EA9F5 /* Build configuration list for PBXNativeTarget "DaysUntil" */;
			buildPhases = (
				78BB450E2B047501000EA9F5 /* Sources */,
				78BB450F2B047501000EA9F5 /* Frameworks */,
				78BB45102B047501000EA9F5 /* Resources */,
				78BB453F2B049C59000EA9F5 /* Embed Foundation Extensions */,
				78BB45522B049EA1000EA9F5 /* Embed Frameworks */,
			);
			buildRules = (
			);
			dependencies = (
				78BB454C2B049EA1000EA9F5 /* PBXTargetDependency */,
				789815BF2B086455002AF275 /* PBXTargetDependency */,
			);
			fileSystemSynchronizedGroups = (
				784899102E1BF9160081203E /* SettingsScreen */,
			);
			name = DaysUntil;
			packageProductDependencies = (
				786B50762C60F547008E2979 /* Bedrock */,
				784898902E079FFF0081203E /* GRDB */,
				784898F52E186C650081203E /* GRDBQuery */,
			);
			productName = DaysUntil;
			productReference = 78BB45122B047501000EA9F5 /* DaysUntil.app */;
			productType = "com.apple.product-type.application";
		};
		78BB45462B049EA1000EA9F5 /* Holidays */ = {
			isa = PBXNativeTarget;
			buildConfigurationList = 78BB454F2B049EA1000EA9F5 /* Build configuration list for PBXNativeTarget "Holidays" */;
			buildPhases = (
				78BB45422B049EA1000EA9F5 /* Headers */,
				78BB45432B049EA1000EA9F5 /* Sources */,
				78BB45442B049EA1000EA9F5 /* Frameworks */,
				78BB45452B049EA1000EA9F5 /* Resources */,
			);
			buildRules = (
			);
			dependencies = (
			);
			name = Holidays;
			productName = Holidays;
			productReference = 78BB45472B049EA1000EA9F5 /* Holidays.framework */;
			productType = "com.apple.product-type.framework";
		};
/* End PBXNativeTarget section */

/* Begin PBXProject section */
		78BB450A2B047501000EA9F5 /* Project object */ = {
			isa = PBXProject;
			attributes = {
				BuildIndependentTargetsInParallel = 1;
				LastSwiftUpdateCheck = 1500;
				LastUpgradeCheck = 1500;
				TargetAttributes = {
					789815B02B086454002AF275 = {
						CreatedOnToolsVersion = 15.0.1;
					};
					789815FD2B0E3FF1002AF275 = {
						CreatedOnToolsVersion = 15.0.1;
					};
					78BB45112B047501000EA9F5 = {
						CreatedOnToolsVersion = 15.0.1;
					};
					78BB45462B049EA1000EA9F5 = {
						CreatedOnToolsVersion = 15.0.1;
						LastSwiftMigration = 1500;
					};
				};
			};
			buildConfigurationList = 78BB450D2B047501000EA9F5 /* Build configuration list for PBXProject "DaysUntil" */;
			compatibilityVersion = "Xcode 14.0";
			developmentRegion = en;
			hasScannedForEncodings = 0;
			knownRegions = (
				en,
				Base,
			);
			mainGroup = 78BB45092B047501000EA9F5;
			packageReferences = (
				786B50752C60F547008E2979 /* XCRemoteSwiftPackageReference "bedrock" */,
				7848988D2E079FAD0081203E /* XCRemoteSwiftPackageReference "GRDB" */,
				784898F42E186C650081203E /* XCRemoteSwiftPackageReference "GRDBQuery" */,
			);
			productRefGroup = 78BB45132B047501000EA9F5 /* Products */;
			projectDirPath = "";
			projectRoot = "";
			targets = (
				78BB45112B047501000EA9F5 /* DaysUntil */,
				789815B02B086454002AF275 /* DaysUntilWidgetExtension */,
				78BB45462B049EA1000EA9F5 /* Holidays */,
				789815FD2B0E3FF1002AF275 /* HolidaysTests */,
			);
		};
/* End PBXProject section */

/* Begin PBXResourcesBuildPhase section */
		789815AF2B086454002AF275 /* Resources */ = {
			isa = PBXResourcesBuildPhase;
			buildActionMask = 2147483647;
			files = (
				789815E42B0BBE44002AF275 /* SharedUIAssets.xcassets in Resources */,
			);
			runOnlyForDeploymentPostprocessing = 0;
		};
		789815FC2B0E3FF1002AF275 /* Resources */ = {
			isa = PBXResourcesBuildPhase;
			buildActionMask = 2147483647;
			files = (
			);
			runOnlyForDeploymentPostprocessing = 0;
		};
		78BB45102B047501000EA9F5 /* Resources */ = {
			isa = PBXResourcesBuildPhase;
			buildActionMask = 2147483647;
			files = (
				78BB451D2B047503000EA9F5 /* Preview Assets.xcassets in Resources */,
				786B50802C618207008E2979 /* DefaultConfig.json in Resources */,
				786B507C2C617F19008E2979 /* Config.plist in Resources */,
				789815E32B0BBE44002AF275 /* SharedUIAssets.xcassets in Resources */,
				784899072E1BEE880081203E /* DaysUntilWhen.storekit in Resources */,
			);
			runOnlyForDeploymentPostprocessing = 0;
		};
		78BB45452B049EA1000EA9F5 /* Resources */ = {
			isa = PBXResourcesBuildPhase;
			buildActionMask = 2147483647;
			files = (
				78FBCBCB2B1C38210015D817 /* SharedUIAssets.xcassets in Resources */,
			);
			runOnlyForDeploymentPostprocessing = 0;
		};
/* End PBXResourcesBuildPhase section */

/* Begin PBXSourcesBuildPhase section */
		789815AD2B086454002AF275 /* Sources */ = {
			isa = PBXSourcesBuildPhase;
			buildActionMask = 2147483647;
			files = (
				784898C22E0992340081203E /* BackgroundOptionType.swift in Sources */,
				7848989E2E08F8ED0081203E /* AppDatabase.swift in Sources */,
				789815B82B086454002AF275 /* DaysUntilWidgetLiveActivity.swift in Sources */,
				784898D92E172E910081203E /* GRDBUserEnabledHolidays.swift in Sources */,
				786931492E244AD8005A9CF6 /* GRDBFtueEvent.swift in Sources */,
				784898942E08F7840081203E /* Persistence.swift in Sources */,
				784898F22E185FAA0081203E /* HolidayCreateErrors.swift in Sources */,
				784898A12E08FCCD0081203E /* TableNames.swift in Sources */,
				7869314D2E244BD0005A9CF6 /* FtueEventService.swift in Sources */,
				789815C62B08649F002AF275 /* HolidayVariant.swift in Sources */,
				784898B92E09920D0081203E /* TextOptionId.swift in Sources */,
				784898FC2E19C0D20081203E /* UserEnabledHolidaysService.swift in Sources */,
				784898EA2E1828D90081203E /* HolidayService.swift in Sources */,
				784898EC2E1851120081203E /* HolidayCreation.swift in Sources */,
				784898D52E1611C80081203E /* BackgroundOptionsService.swift in Sources */,
				784898AC2E0988320081203E /* GRDBHoliday.swift in Sources */,
				789815BA2B086454002AF275 /* DaysUntilWidget.swift in Sources */,
				784898E62E1731CA0081203E /* HolidayDisplayOptionsService.swift in Sources */,
				789816132B0E5D70002AF275 /* AppGroup.swift in Sources */,
				789815B62B086454002AF275 /* DaysUntilWidgetBundle.swift in Sources */,
				789815C42B08646C002AF275 /* DaysUntilWidgetEntryView.swift in Sources */,
				784898B32E0991E50081203E /* GRDBTextOption.swift in Sources */,
				784898FE2E1A22F20081203E /* HolidayErrors.swift in Sources */,
				784898BC2E0992290081203E /* BackgroundOptionId.swift in Sources */,
				784898AF2E098E490081203E /* GRDBHolidayDisplayOptions.swift in Sources */,
				784898DD2E1730A00081203E /* HolidayLoadingError.swift in Sources */,
				784898C82E0992870081203E /* GRDBBackgroundOption.swift in Sources */,
				784898E22E1731920081203E /* TextOptionsService.swift in Sources */,
				78DE9FE82BBE528600782A08 /* DateExtensions.swift in Sources */,
				789815C82B0864A4002AF275 /* Utils.swift in Sources */,
			);
			runOnlyForDeploymentPostprocessing = 0;
		};
		789815FA2B0E3FF1002AF275 /* Sources */ = {
			isa = PBXSourcesBuildPhase;
			buildActionMask = 2147483647;
			files = (
				7898160E2B0E4012002AF275 /* HolidayVariant.swift in Sources */,
				784898BF2E0992290081203E /* BackgroundOptionId.swift in Sources */,
				7898160C2B0E4012002AF275 /* Utils.swift in Sources */,
				784898DC2E1730A00081203E /* HolidayLoadingError.swift in Sources */,
				789816012B0E3FF1002AF275 /* HolidaysTest.swift in Sources */,
				784898C12E0992340081203E /* BackgroundOptionType.swift in Sources */,
				789816092B0E4004002AF275 /* UtilsTests.swift in Sources */,
				784898F02E185FAA0081203E /* HolidayCreateErrors.swift in Sources */,
				784898B72E09920D0081203E /* TextOptionId.swift in Sources */,
				78DE9FE92BBE528700782A08 /* DateExtensions.swift in Sources */,
				784898FF2E1A22F20081203E /* HolidayErrors.swift in Sources */,
			);
			runOnlyForDeploymentPostprocessing = 0;
		};
		78BB450E2B047501000EA9F5 /* Sources */ = {
			isa = PBXSourcesBuildPhase;
			buildActionMask = 2147483647;
			files = (
				789815EC2B0C0F50002AF275 /* WidgetPickers.swift in Sources */,
				789816122B0E5C7A002AF275 /* AppGroup.swift in Sources */,
				78284F9C2B212AD600AF0ED7 /* WidgetPreviewView.swift in Sources */,
				78DE9FE72BBE528600782A08 /* DateExtensions.swift in Sources */,
				784898A22E08FCCD0081203E /* TableNames.swift in Sources */,
				786B507F2C617FE2008E2979 /* versionCheck.swift in Sources */,
				789815F32B0C6D7F002AF275 /* Utils.swift in Sources */,
				784898B82E09920D0081203E /* TextOptionId.swift in Sources */,
				784898932E08F7840081203E /* Persistence.swift in Sources */,
				784899032E1A99190081203E /* HolidayToggleListView.swift in Sources */,
				784898DE2E1730A00081203E /* HolidayLoadingError.swift in Sources */,
				7848990D2E1BEF230081203E /* StoreKit.swift in Sources */,
				7848990F2E1BEF640081203E /* AppBackground.swift in Sources */,
				789815F02B0C6D13002AF275 /* DaysUntilWidgetEntryView.swift in Sources */,
				7848989C2E08F8ED0081203E /* AppDatabase.swift in Sources */,
				78284F9E2B23B17400AF0ED7 /* StyledBackgroundImageWidgetPreview.swift in Sources */,
				784898C62E0992870081203E /* GRDBBackgroundOption.swift in Sources */,
				784898F32E185FAA0081203E /* HolidayCreateErrors.swift in Sources */,
				7869314B2E244AD8005A9CF6 /* GRDBFtueEvent.swift in Sources */,
				784898B02E098E490081203E /* GRDBHolidayDisplayOptions.swift in Sources */,
				784898D82E172E910081203E /* GRDBUserEnabledHolidays.swift in Sources */,
				786B507A2C617DF7008E2979 /* config.swift in Sources */,
				784898D42E1611C80081203E /* BackgroundOptionsService.swift in Sources */,
				784898C32E0992340081203E /* BackgroundOptionType.swift in Sources */,
				789815EF2B0C62D8002AF275 /* HolidayVariant.swift in Sources */,
				784898B22E0991E50081203E /* GRDBTextOption.swift in Sources */,
				78BB45182B047501000EA9F5 /* ContentView.swift in Sources */,
				784898E92E1828D90081203E /* HolidayService.swift in Sources */,
				784898FB2E19C0D20081203E /* UserEnabledHolidaysService.swift in Sources */,
				784898E12E1731920081203E /* TextOptionsService.swift in Sources */,
				78BB45162B047501000EA9F5 /* DaysUntilApp.swift in Sources */,
				7869314F2E244BD0005A9CF6 /* FtueEventService.swift in Sources */,
				784898EE2E1851120081203E /* HolidayCreation.swift in Sources */,
				784899012E1A22F20081203E /* HolidayErrors.swift in Sources */,
				789815F12B0C6D27002AF275 /* DaysUntilWidget.swift in Sources */,
				784898AB2E0988320081203E /* GRDBHoliday.swift in Sources */,
				784898E42E1731CA0081203E /* HolidayDisplayOptionsService.swift in Sources */,
				784898BD2E0992290081203E /* BackgroundOptionId.swift in Sources */,
			);
			runOnlyForDeploymentPostprocessing = 0;
		};
		78BB45432B049EA1000EA9F5 /* Sources */ = {
			isa = PBXSourcesBuildPhase;
			buildActionMask = 2147483647;
			files = (
				78BB45562B049EFB000EA9F5 /* HolidayVariant.swift in Sources */,
				784898B42E0991E50081203E /* GRDBTextOption.swift in Sources */,
				7869314E2E244BD0005A9CF6 /* FtueEventService.swift in Sources */,
				784898D72E172E910081203E /* GRDBUserEnabledHolidays.swift in Sources */,
				784898E82E1828D90081203E /* HolidayService.swift in Sources */,
				784898D32E1611C80081203E /* BackgroundOptionsService.swift in Sources */,
				784898AA2E0988320081203E /* GRDBHoliday.swift in Sources */,
				7869314A2E244AD8005A9CF6 /* GRDBFtueEvent.swift in Sources */,
				784898ED2E1851120081203E /* HolidayCreation.swift in Sources */,
				78DE9FE62BBE51E800782A08 /* DateExtensions.swift in Sources */,
				784898952E08F7840081203E /* Persistence.swift in Sources */,
				784898DB2E1730A00081203E /* HolidayLoadingError.swift in Sources */,
				784898E02E1731920081203E /* TextOptionsService.swift in Sources */,
				7848989D2E08F8ED0081203E /* AppDatabase.swift in Sources */,
				789816152B0E5DE2002AF275 /* AppGroup.swift in Sources */,
				784898C42E0992340081203E /* BackgroundOptionType.swift in Sources */,
				784898F12E185FAA0081203E /* HolidayCreateErrors.swift in Sources */,
				784898AE2E098E490081203E /* GRDBHolidayDisplayOptions.swift in Sources */,
				784898A02E08FCCD0081203E /* TableNames.swift in Sources */,
				784898BE2E0992290081203E /* BackgroundOptionId.swift in Sources */,
				784899002E1A22F20081203E /* HolidayErrors.swift in Sources */,
				784898BA2E09920D0081203E /* TextOptionId.swift in Sources */,
				789815A32B05D4F5002AF275 /* Utils.swift in Sources */,
				784898E52E1731CA0081203E /* HolidayDisplayOptionsService.swift in Sources */,
				784898FA2E19C0D20081203E /* UserEnabledHolidaysService.swift in Sources */,
				784898C72E0992870081203E /* GRDBBackgroundOption.swift in Sources */,
			);
			runOnlyForDeploymentPostprocessing = 0;
		};
/* End PBXSourcesBuildPhase section */

/* Begin PBXTargetDependency section */
		789815BF2B086455002AF275 /* PBXTargetDependency */ = {
			isa = PBXTargetDependency;
			target = 789815B02B086454002AF275 /* DaysUntilWidgetExtension */;
			targetProxy = 789815BE2B086455002AF275 /* PBXContainerItemProxy */;
		};
		789816042B0E3FF1002AF275 /* PBXTargetDependency */ = {
			isa = PBXTargetDependency;
			target = 78BB45462B049EA1000EA9F5 /* Holidays */;
			targetProxy = 789816032B0E3FF1002AF275 /* PBXContainerItemProxy */;
		};
		78BB454C2B049EA1000EA9F5 /* PBXTargetDependency */ = {
			isa = PBXTargetDependency;
			target = 78BB45462B049EA1000EA9F5 /* Holidays */;
			targetProxy = 78BB454B2B049EA1000EA9F5 /* PBXContainerItemProxy */;
		};
/* End PBXTargetDependency section */

/* Begin XCBuildConfiguration section */
		789815C22B086455002AF275 /* Debug */ = {
			isa = XCBuildConfiguration;
			buildSettings = {
				ASSETCATALOG_COMPILER_GLOBAL_ACCENT_COLOR_NAME = AccentColor;
				ASSETCATALOG_COMPILER_WIDGET_BACKGROUND_COLOR_NAME = WidgetBackground;
				CODE_SIGN_ENTITLEMENTS = DaysUntilWidgetExtension.entitlements;
				CODE_SIGN_STYLE = Automatic;
				CURRENT_PROJECT_VERSION = 1;
				DEVELOPMENT_TEAM = 4QGR522B9M;
				GENERATE_INFOPLIST_FILE = YES;
				INFOPLIST_FILE = DaysUntilWidget/Info.plist;
				INFOPLIST_KEY_CFBundleDisplayName = DaysUntilWidget;
				INFOPLIST_KEY_NSHumanReadableCopyright = "";
				LD_RUNPATH_SEARCH_PATHS = (
					"$(inherited)",
					"@executable_path/Frameworks",
					"@executable_path/../../Frameworks",
				);
				MARKETING_VERSION = 1.0;
				PRODUCT_BUNDLE_IDENTIFIER = rjs.app.dev.DaysUntil.DaysUntilWidget;
				PRODUCT_NAME = "$(TARGET_NAME)";
				SKIP_INSTALL = YES;
				SWIFT_EMIT_LOC_STRINGS = YES;
				SWIFT_VERSION = 5.0;
				TARGETED_DEVICE_FAMILY = "1,2";
			};
			name = Debug;
		};
		789815C32B086455002AF275 /* Release */ = {
			isa = XCBuildConfiguration;
			buildSettings = {
				ASSETCATALOG_COMPILER_GLOBAL_ACCENT_COLOR_NAME = AccentColor;
				ASSETCATALOG_COMPILER_WIDGET_BACKGROUND_COLOR_NAME = WidgetBackground;
				CODE_SIGN_ENTITLEMENTS = DaysUntilWidgetExtension.entitlements;
				CODE_SIGN_STYLE = Automatic;
				CURRENT_PROJECT_VERSION = 1;
				DEVELOPMENT_TEAM = 4QGR522B9M;
				GENERATE_INFOPLIST_FILE = YES;
				INFOPLIST_FILE = DaysUntilWidget/Info.plist;
				INFOPLIST_KEY_CFBundleDisplayName = DaysUntilWidget;
				INFOPLIST_KEY_NSHumanReadableCopyright = "";
				LD_RUNPATH_SEARCH_PATHS = (
					"$(inherited)",
					"@executable_path/Frameworks",
					"@executable_path/../../Frameworks",
				);
				MARKETING_VERSION = 1.0;
				PRODUCT_BUNDLE_IDENTIFIER = rjs.app.dev.DaysUntil.DaysUntilWidget;
				PRODUCT_NAME = "$(TARGET_NAME)";
				SKIP_INSTALL = YES;
				SWIFT_EMIT_LOC_STRINGS = YES;
				SWIFT_VERSION = 5.0;
				TARGETED_DEVICE_FAMILY = "1,2";
			};
			name = Release;
		};
		789816062B0E3FF1002AF275 /* Debug */ = {
			isa = XCBuildConfiguration;
			buildSettings = {
				CODE_SIGN_STYLE = Automatic;
				CURRENT_PROJECT_VERSION = 1;
				DEVELOPMENT_TEAM = 4QGR522B9M;
				GENERATE_INFOPLIST_FILE = YES;
				MARKETING_VERSION = 1.0;
				PRODUCT_BUNDLE_IDENTIFIER = rjs.app.dev.HolidaysTests;
				PRODUCT_NAME = "$(TARGET_NAME)";
				SWIFT_EMIT_LOC_STRINGS = NO;
				SWIFT_VERSION = 5.0;
				TARGETED_DEVICE_FAMILY = "1,2";
			};
			name = Debug;
		};
		789816072B0E3FF1002AF275 /* Release */ = {
			isa = XCBuildConfiguration;
			buildSettings = {
				CODE_SIGN_STYLE = Automatic;
				CURRENT_PROJECT_VERSION = 1;
				DEVELOPMENT_TEAM = 4QGR522B9M;
				GENERATE_INFOPLIST_FILE = YES;
				MARKETING_VERSION = 1.0;
				PRODUCT_BUNDLE_IDENTIFIER = rjs.app.dev.HolidaysTests;
				PRODUCT_NAME = "$(TARGET_NAME)";
				SWIFT_EMIT_LOC_STRINGS = NO;
				SWIFT_VERSION = 5.0;
				TARGETED_DEVICE_FAMILY = "1,2";
			};
			name = Release;
		};
		78BB451E2B047503000EA9F5 /* Debug */ = {
			isa = XCBuildConfiguration;
			buildSettings = {
				ALWAYS_SEARCH_USER_PATHS = NO;
				ASSETCATALOG_COMPILER_GENERATE_SWIFT_ASSET_SYMBOL_EXTENSIONS = YES;
				CLANG_ANALYZER_NONNULL = YES;
				CLANG_ANALYZER_NUMBER_OBJECT_CONVERSION = YES_AGGRESSIVE;
				CLANG_CXX_LANGUAGE_STANDARD = "gnu++20";
				CLANG_ENABLE_MODULES = YES;
				CLANG_ENABLE_OBJC_ARC = YES;
				CLANG_ENABLE_OBJC_WEAK = YES;
				CLANG_WARN_BLOCK_CAPTURE_AUTORELEASING = YES;
				CLANG_WARN_BOOL_CONVERSION = YES;
				CLANG_WARN_COMMA = YES;
				CLANG_WARN_CONSTANT_CONVERSION = YES;
				CLANG_WARN_DEPRECATED_OBJC_IMPLEMENTATIONS = YES;
				CLANG_WARN_DIRECT_OBJC_ISA_USAGE = YES_ERROR;
				CLANG_WARN_DOCUMENTATION_COMMENTS = YES;
				CLANG_WARN_EMPTY_BODY = YES;
				CLANG_WARN_ENUM_CONVERSION = YES;
				CLANG_WARN_INFINITE_RECURSION = YES;
				CLANG_WARN_INT_CONVERSION = YES;
				CLANG_WARN_NON_LITERAL_NULL_CONVERSION = YES;
				CLANG_WARN_OBJC_IMPLICIT_RETAIN_SELF = YES;
				CLANG_WARN_OBJC_LITERAL_CONVERSION = YES;
				CLANG_WARN_OBJC_ROOT_CLASS = YES_ERROR;
				CLANG_WARN_QUOTED_INCLUDE_IN_FRAMEWORK_HEADER = YES;
				CLANG_WARN_RANGE_LOOP_ANALYSIS = YES;
				CLANG_WARN_STRICT_PROTOTYPES = YES;
				CLANG_WARN_SUSPICIOUS_MOVE = YES;
				CLANG_WARN_UNGUARDED_AVAILABILITY = YES_AGGRESSIVE;
				CLANG_WARN_UNREACHABLE_CODE = YES;
				CLANG_WARN__DUPLICATE_METHOD_MATCH = YES;
				COPY_PHASE_STRIP = NO;
				DEBUG_INFORMATION_FORMAT = dwarf;
				ENABLE_STRICT_OBJC_MSGSEND = YES;
				ENABLE_TESTABILITY = YES;
				ENABLE_USER_SCRIPT_SANDBOXING = YES;
				GCC_C_LANGUAGE_STANDARD = gnu17;
				GCC_DYNAMIC_NO_PIC = NO;
				GCC_NO_COMMON_BLOCKS = YES;
				GCC_OPTIMIZATION_LEVEL = 0;
				GCC_PREPROCESSOR_DEFINITIONS = (
					"DEBUG=1",
					"$(inherited)",
				);
				GCC_WARN_64_TO_32_BIT_CONVERSION = YES;
				GCC_WARN_ABOUT_RETURN_TYPE = YES_ERROR;
				GCC_WARN_UNDECLARED_SELECTOR = YES;
				GCC_WARN_UNINITIALIZED_AUTOS = YES_AGGRESSIVE;
				GCC_WARN_UNUSED_FUNCTION = YES;
				GCC_WARN_UNUSED_VARIABLE = YES;
				IPHONEOS_DEPLOYMENT_TARGET = 17.0;
				LOCALIZATION_PREFERS_STRING_CATALOGS = YES;
				MTL_ENABLE_DEBUG_INFO = INCLUDE_SOURCE;
				MTL_FAST_MATH = YES;
				ONLY_ACTIVE_ARCH = YES;
				SDKROOT = iphoneos;
				SWIFT_ACTIVE_COMPILATION_CONDITIONS = "DEBUG $(inherited)";
				SWIFT_OPTIMIZATION_LEVEL = "-Onone";
			};
			name = Debug;
		};
		78BB451F2B047503000EA9F5 /* Release */ = {
			isa = XCBuildConfiguration;
			buildSettings = {
				ALWAYS_SEARCH_USER_PATHS = NO;
				ASSETCATALOG_COMPILER_GENERATE_SWIFT_ASSET_SYMBOL_EXTENSIONS = YES;
				CLANG_ANALYZER_NONNULL = YES;
				CLANG_ANALYZER_NUMBER_OBJECT_CONVERSION = YES_AGGRESSIVE;
				CLANG_CXX_LANGUAGE_STANDARD = "gnu++20";
				CLANG_ENABLE_MODULES = YES;
				CLANG_ENABLE_OBJC_ARC = YES;
				CLANG_ENABLE_OBJC_WEAK = YES;
				CLANG_WARN_BLOCK_CAPTURE_AUTORELEASING = YES;
				CLANG_WARN_BOOL_CONVERSION = YES;
				CLANG_WARN_COMMA = YES;
				CLANG_WARN_CONSTANT_CONVERSION = YES;
				CLANG_WARN_DEPRECATED_OBJC_IMPLEMENTATIONS = YES;
				CLANG_WARN_DIRECT_OBJC_ISA_USAGE = YES_ERROR;
				CLANG_WARN_DOCUMENTATION_COMMENTS = YES;
				CLANG_WARN_EMPTY_BODY = YES;
				CLANG_WARN_ENUM_CONVERSION = YES;
				CLANG_WARN_INFINITE_RECURSION = YES;
				CLANG_WARN_INT_CONVERSION = YES;
				CLANG_WARN_NON_LITERAL_NULL_CONVERSION = YES;
				CLANG_WARN_OBJC_IMPLICIT_RETAIN_SELF = YES;
				CLANG_WARN_OBJC_LITERAL_CONVERSION = YES;
				CLANG_WARN_OBJC_ROOT_CLASS = YES_ERROR;
				CLANG_WARN_QUOTED_INCLUDE_IN_FRAMEWORK_HEADER = YES;
				CLANG_WARN_RANGE_LOOP_ANALYSIS = YES;
				CLANG_WARN_STRICT_PROTOTYPES = YES;
				CLANG_WARN_SUSPICIOUS_MOVE = YES;
				CLANG_WARN_UNGUARDED_AVAILABILITY = YES_AGGRESSIVE;
				CLANG_WARN_UNREACHABLE_CODE = YES;
				CLANG_WARN__DUPLICATE_METHOD_MATCH = YES;
				COPY_PHASE_STRIP = NO;
				DEBUG_INFORMATION_FORMAT = "dwarf-with-dsym";
				ENABLE_NS_ASSERTIONS = NO;
				ENABLE_STRICT_OBJC_MSGSEND = YES;
				ENABLE_USER_SCRIPT_SANDBOXING = YES;
				GCC_C_LANGUAGE_STANDARD = gnu17;
				GCC_NO_COMMON_BLOCKS = YES;
				GCC_WARN_64_TO_32_BIT_CONVERSION = YES;
				GCC_WARN_ABOUT_RETURN_TYPE = YES_ERROR;
				GCC_WARN_UNDECLARED_SELECTOR = YES;
				GCC_WARN_UNINITIALIZED_AUTOS = YES_AGGRESSIVE;
				GCC_WARN_UNUSED_FUNCTION = YES;
				GCC_WARN_UNUSED_VARIABLE = YES;
				IPHONEOS_DEPLOYMENT_TARGET = 17.0;
				LOCALIZATION_PREFERS_STRING_CATALOGS = YES;
				MTL_ENABLE_DEBUG_INFO = NO;
				MTL_FAST_MATH = YES;
				SDKROOT = iphoneos;
				SWIFT_COMPILATION_MODE = wholemodule;
				VALIDATE_PRODUCT = YES;
			};
			name = Release;
		};
		78BB45212B047503000EA9F5 /* Debug */ = {
			isa = XCBuildConfiguration;
			buildSettings = {
				ALWAYS_EMBED_SWIFT_STANDARD_LIBRARIES = YES;
				ASSETCATALOG_COMPILER_APPICON_NAME = AppIcon;
				ASSETCATALOG_COMPILER_GLOBAL_ACCENT_COLOR_NAME = AccentColor;
				CODE_SIGN_ENTITLEMENTS = DaysUntil/DaysUntil.entitlements;
				CODE_SIGN_IDENTITY = "Apple Development";
				CODE_SIGN_STYLE = Automatic;
				CURRENT_PROJECT_VERSION = 1;
				DEVELOPMENT_ASSET_PATHS = "\"DaysUntil/Preview Content\"";
				DEVELOPMENT_TEAM = 4QGR522B9M;
				ENABLE_PREVIEWS = YES;
				GENERATE_INFOPLIST_FILE = YES;
				INFOPLIST_KEY_CFBundleDisplayName = DaysUntilWhen;
				INFOPLIST_KEY_UIApplicationSceneManifest_Generation = YES;
				INFOPLIST_KEY_UIApplicationSupportsIndirectInputEvents = YES;
				INFOPLIST_KEY_UILaunchScreen_Generation = YES;
				INFOPLIST_KEY_UISupportedInterfaceOrientations = "UIInterfaceOrientationPortrait UIInterfaceOrientationPortraitUpsideDown";
				INFOPLIST_KEY_UISupportedInterfaceOrientations_iPad = "UIInterfaceOrientationLandscapeLeft UIInterfaceOrientationLandscapeRight UIInterfaceOrientationPortrait UIInterfaceOrientationPortraitUpsideDown";
				LD_RUNPATH_SEARCH_PATHS = (
					"$(inherited)",
					"@executable_path/Frameworks",
				);
				MARKETING_VERSION = 2.1.0;
				PRODUCT_BUNDLE_IDENTIFIER = rjs.app.dev.DaysUntil;
				PRODUCT_NAME = "$(TARGET_NAME)";
				PROVISIONING_PROFILE_SPECIFIER = "";
				SWIFT_EMIT_LOC_STRINGS = YES;
				SWIFT_VERSION = 5.0;
				TARGETED_DEVICE_FAMILY = "1,2";
			};
			name = Debug;
		};
		78BB45222B047503000EA9F5 /* Release */ = {
			isa = XCBuildConfiguration;
			buildSettings = {
				ALWAYS_EMBED_SWIFT_STANDARD_LIBRARIES = YES;
				ASSETCATALOG_COMPILER_APPICON_NAME = AppIcon;
				ASSETCATALOG_COMPILER_GLOBAL_ACCENT_COLOR_NAME = AccentColor;
				CODE_SIGN_ENTITLEMENTS = DaysUntil/DaysUntil.entitlements;
				CODE_SIGN_IDENTITY = "Apple Development";
				CODE_SIGN_STYLE = Automatic;
				CURRENT_PROJECT_VERSION = 1;
				DEVELOPMENT_ASSET_PATHS = "\"DaysUntil/Preview Content\"";
				DEVELOPMENT_TEAM = 4QGR522B9M;
				ENABLE_PREVIEWS = YES;
				GENERATE_INFOPLIST_FILE = YES;
				INFOPLIST_KEY_CFBundleDisplayName = DaysUntilWhen;
				INFOPLIST_KEY_UIApplicationSceneManifest_Generation = YES;
				INFOPLIST_KEY_UIApplicationSupportsIndirectInputEvents = YES;
				INFOPLIST_KEY_UILaunchScreen_Generation = YES;
				INFOPLIST_KEY_UISupportedInterfaceOrientations = "UIInterfaceOrientationPortrait UIInterfaceOrientationPortraitUpsideDown";
				INFOPLIST_KEY_UISupportedInterfaceOrientations_iPad = "UIInterfaceOrientationLandscapeLeft UIInterfaceOrientationLandscapeRight UIInterfaceOrientationPortrait UIInterfaceOrientationPortraitUpsideDown";
				LD_RUNPATH_SEARCH_PATHS = (
					"$(inherited)",
					"@executable_path/Frameworks",
				);
				MARKETING_VERSION = 2.1.0;
				PRODUCT_BUNDLE_IDENTIFIER = rjs.app.dev.DaysUntil;
				PRODUCT_NAME = "$(TARGET_NAME)";
				PROVISIONING_PROFILE_SPECIFIER = "";
				SWIFT_EMIT_LOC_STRINGS = YES;
				SWIFT_VERSION = 5.0;
				TARGETED_DEVICE_FAMILY = "1,2";
			};
			name = Release;
		};
		78BB45502B049EA1000EA9F5 /* Debug */ = {
			isa = XCBuildConfiguration;
			buildSettings = {
				CLANG_ENABLE_MODULES = YES;
				CODE_SIGN_STYLE = Automatic;
				CURRENT_PROJECT_VERSION = 1;
				DEFINES_MODULE = YES;
				DEVELOPMENT_TEAM = 4QGR522B9M;
				DYLIB_COMPATIBILITY_VERSION = 1;
				DYLIB_CURRENT_VERSION = 1;
				DYLIB_INSTALL_NAME_BASE = "@rpath";
				ENABLE_MODULE_VERIFIER = YES;
				GENERATE_INFOPLIST_FILE = YES;
				INFOPLIST_KEY_NSHumanReadableCopyright = "";
				INSTALL_PATH = "$(LOCAL_LIBRARY_DIR)/Frameworks";
				LD_RUNPATH_SEARCH_PATHS = (
					"$(inherited)",
					"@executable_path/Frameworks",
					"@loader_path/Frameworks",
				);
				MARKETING_VERSION = 1.0;
				MODULE_VERIFIER_SUPPORTED_LANGUAGES = "objective-c objective-c++";
				MODULE_VERIFIER_SUPPORTED_LANGUAGE_STANDARDS = "gnu17 gnu++20";
				PRODUCT_BUNDLE_IDENTIFIER = rjs.app.dev.Holidays;
				PRODUCT_NAME = "$(TARGET_NAME:c99extidentifier)";
				SKIP_INSTALL = YES;
				SWIFT_EMIT_LOC_STRINGS = YES;
				SWIFT_OPTIMIZATION_LEVEL = "-Onone";
				SWIFT_VERSION = 5.0;
				TARGETED_DEVICE_FAMILY = "1,2";
				VERSIONING_SYSTEM = "apple-generic";
				VERSION_INFO_PREFIX = "";
			};
			name = Debug;
		};
		78BB45512B049EA1000EA9F5 /* Release */ = {
			isa = XCBuildConfiguration;
			buildSettings = {
				CLANG_ENABLE_MODULES = YES;
				CODE_SIGN_STYLE = Automatic;
				CURRENT_PROJECT_VERSION = 1;
				DEFINES_MODULE = YES;
				DEVELOPMENT_TEAM = 4QGR522B9M;
				DYLIB_COMPATIBILITY_VERSION = 1;
				DYLIB_CURRENT_VERSION = 1;
				DYLIB_INSTALL_NAME_BASE = "@rpath";
				ENABLE_MODULE_VERIFIER = YES;
				GENERATE_INFOPLIST_FILE = YES;
				INFOPLIST_KEY_NSHumanReadableCopyright = "";
				INSTALL_PATH = "$(LOCAL_LIBRARY_DIR)/Frameworks";
				LD_RUNPATH_SEARCH_PATHS = (
					"$(inherited)",
					"@executable_path/Frameworks",
					"@loader_path/Frameworks",
				);
				MARKETING_VERSION = 1.0;
				MODULE_VERIFIER_SUPPORTED_LANGUAGES = "objective-c objective-c++";
				MODULE_VERIFIER_SUPPORTED_LANGUAGE_STANDARDS = "gnu17 gnu++20";
				PRODUCT_BUNDLE_IDENTIFIER = rjs.app.dev.Holidays;
				PRODUCT_NAME = "$(TARGET_NAME:c99extidentifier)";
				SKIP_INSTALL = YES;
				SWIFT_EMIT_LOC_STRINGS = YES;
				SWIFT_VERSION = 5.0;
				TARGETED_DEVICE_FAMILY = "1,2";
				VERSIONING_SYSTEM = "apple-generic";
				VERSION_INFO_PREFIX = "";
			};
			name = Release;
		};
/* End XCBuildConfiguration section */

/* Begin XCConfigurationList section */
		789815C12B086455002AF275 /* Build configuration list for PBXNativeTarget "DaysUntilWidgetExtension" */ = {
			isa = XCConfigurationList;
			buildConfigurations = (
				789815C22B086455002AF275 /* Debug */,
				789815C32B086455002AF275 /* Release */,
			);
			defaultConfigurationIsVisible = 0;
			defaultConfigurationName = Release;
		};
		789816052B0E3FF1002AF275 /* Build configuration list for PBXNativeTarget "HolidaysTests" */ = {
			isa = XCConfigurationList;
			buildConfigurations = (
				789816062B0E3FF1002AF275 /* Debug */,
				789816072B0E3FF1002AF275 /* Release */,
			);
			defaultConfigurationIsVisible = 0;
			defaultConfigurationName = Release;
		};
		78BB450D2B047501000EA9F5 /* Build configuration list for PBXProject "DaysUntil" */ = {
			isa = XCConfigurationList;
			buildConfigurations = (
				78BB451E2B047503000EA9F5 /* Debug */,
				78BB451F2B047503000EA9F5 /* Release */,
			);
			defaultConfigurationIsVisible = 0;
			defaultConfigurationName = Release;
		};
		78BB45202B047503000EA9F5 /* Build configuration list for PBXNativeTarget "DaysUntil" */ = {
			isa = XCConfigurationList;
			buildConfigurations = (
				78BB45212B047503000EA9F5 /* Debug */,
				78BB45222B047503000EA9F5 /* Release */,
			);
			defaultConfigurationIsVisible = 0;
			defaultConfigurationName = Release;
		};
		78BB454F2B049EA1000EA9F5 /* Build configuration list for PBXNativeTarget "Holidays" */ = {
			isa = XCConfigurationList;
			buildConfigurations = (
				78BB45502B049EA1000EA9F5 /* Debug */,
				78BB45512B049EA1000EA9F5 /* Release */,
			);
			defaultConfigurationIsVisible = 0;
			defaultConfigurationName = Release;
		};
/* End XCConfigurationList section */

/* Begin XCRemoteSwiftPackageReference section */
		7848988D2E079FAD0081203E /* XCRemoteSwiftPackageReference "GRDB" */ = {
			isa = XCRemoteSwiftPackageReference;
			repositoryURL = "https://github.com/groue/GRDB.swift";
			requirement = {
				branch = master;
				kind = branch;
			};
		};
		784898F42E186C650081203E /* XCRemoteSwiftPackageReference "GRDBQuery" */ = {
			isa = XCRemoteSwiftPackageReference;
			repositoryURL = "https://github.com/groue/GRDBQuery.git";
			requirement = {
				kind = upToNextMajorVersion;
				minimumVersion = 0.11.0;
			};
		};
		786B50752C60F547008E2979 /* XCRemoteSwiftPackageReference "bedrock" */ = {
			isa = XCRemoteSwiftPackageReference;
			repositoryURL = "https://github.com/rsarv3006/bedrock";
			requirement = {
				kind = upToNextMajorVersion;
				minimumVersion = 1.0.6;
			};
		};
/* End XCRemoteSwiftPackageReference section */

/* Begin XCSwiftPackageProductDependency section */
		7848988E2E079FAD0081203E /* GRDB */ = {
			isa = XCSwiftPackageProductDependency;
			package = 7848988D2E079FAD0081203E /* XCRemoteSwiftPackageReference "GRDB" */;
			productName = GRDB;
		};
		784898902E079FFF0081203E /* GRDB */ = {
			isa = XCSwiftPackageProductDependency;
			package = 7848988D2E079FAD0081203E /* XCRemoteSwiftPackageReference "GRDB" */;
			productName = GRDB;
		};
		784898972E08F8560081203E /* GRDB */ = {
			isa = XCSwiftPackageProductDependency;
			package = 7848988D2E079FAD0081203E /* XCRemoteSwiftPackageReference "GRDB" */;
			productName = GRDB;
		};
		784898992E08F8C10081203E /* GRDB */ = {
			isa = XCSwiftPackageProductDependency;
			package = 7848988D2E079FAD0081203E /* XCRemoteSwiftPackageReference "GRDB" */;
			productName = GRDB;
		};
		784898F52E186C650081203E /* GRDBQuery */ = {
			isa = XCSwiftPackageProductDependency;
			package = 784898F42E186C650081203E /* XCRemoteSwiftPackageReference "GRDBQuery" */;
			productName = GRDBQuery;
		};
		784898F72E186C770081203E /* GRDBQuery */ = {
			isa = XCSwiftPackageProductDependency;
			package = 784898F42E186C650081203E /* XCRemoteSwiftPackageReference "GRDBQuery" */;
			productName = GRDBQuery;
		};
		786B50762C60F547008E2979 /* Bedrock */ = {
			isa = XCSwiftPackageProductDependency;
			package = 786B50752C60F547008E2979 /* XCRemoteSwiftPackageReference "bedrock" */;
			productName = Bedrock;
		};
/* End XCSwiftPackageProductDependency section */
	};
	rootObject = 78BB450A2B047501000EA9F5 /* Project object */;
}
